
Microsoft Visual Studio Solution File, Format Version 12.00
# Visual Studio Version 16
VisualStudioVersion = 16.0.30907.101
MinimumVisualStudioVersion = 10.0.40219.1
Project("{FAE04EC0-301F-11D3-BF4B-00C04F79EFBC}") = "Be faster", "Be faster.csproj", "{07CCF8CB-7513-4B76-889B-AB3374F6C7F0}"
EndProject
Project("{FAE04EC0-301F-11D3-BF4B-00C04F79EFBC}") = "Game1", "..\Game1\Game1.csproj", "{6E75DAE1-5FC0-4BDE-95A2-EAC1AA1EDDF4}"
EndProject
Global
	GlobalSection(SolutionConfigurationPlatforms) = preSolution
		Debug|Any CPU = Debug|Any CPU
		Release|Any CPU = Release|Any CPU
	EndGlobalSection
	GlobalSection(ProjectConfigurationPlatforms) = postSolution
		{07CCF8CB-7513-4B76-889B-AB3374F6C7F0}.Debug|Any CPU.ActiveCfg = Debug|Any CPU
		{07CCF8CB-7513-4B76-889B-AB3374F6C7F0}.Debug|Any CPU.Build.0 = Debug|Any CPU
		{07CCF8CB-7513-4B76-889B-AB3374F6C7F0}.Debug|Any CPU.Deploy.0 = Debug|Any CPU
		{07CCF8CB-7513-4B76-889B-AB3374F6C7F0}.Release|Any CPU.ActiveCfg = Release|Any CPU
		{07CCF8CB-7513-4B76-889B-AB3374F6C7F0}.Release|Any CPU.Build.0 = Release|Any CPU
		{07CCF8CB-7513-4B76-889B-AB3374F6C7F0}.Release|Any CPU.Deploy.0 = Release|Any CPU
		{6E75DAE1-5FC0-4BDE-95A2-EAC1AA1EDDF4}.Debug|Any CPU.ActiveCfg = Debug|Any CPU
		{6E75DAE1-5FC0-4BDE-95A2-EAC1AA1EDDF4}.Debug|Any CPU.Build.0 = Debug|Any CPU
		{6E75DAE1-5FC0-4BDE-95A2-EAC1AA1EDDF4}.Release|Any CPU.ActiveCfg = Release|Any CPU
		{6E75DAE1-5FC0-4BDE-95A2-EAC1AA1EDDF4}.Release|Any CPU.Build.0 = Release|Any CPU
	EndGlobalSection
	GlobalSection(SolutionProperties) = preSolution
		HideSolutionNode = FALSE
	EndGlobalSection
	GlobalSection(ExtensibilityGlobals) = postSolution
		SolutionGuid = {4541A895-4275-4B11-9209-319B8DB35770}
	EndGlobalSection
EndGlobal
