
Microsoft Visual Studio Solution File, Format Version 12.00
# Visual Studio Version 16
VisualStudioVersion = 16.0.30907.101
MinimumVisualStudioVersion = 10.0.40219.1
Project("{FAE04EC0-301F-11D3-BF4B-00C04F79EFBC}") = "Be faster", "Be faster.csproj", "{07CCF8CB-7513-4B76-889B-AB3374F6C7F0}"
EndProject
Project("{9A19103F-16F7-4668-BE54-9A1E7A4F7556}") = "BeFaster", "..\BeFaster\BeFaster.csproj", "{BCC19971-B04F-4C6A-807F-D058337982C1}"
EndProject
Global
	GlobalSection(SolutionConfigurationPlatforms) = preSolution
		Debug|Any CPU = Debug|Any CPU
		Release|Any CPU = Release|Any CPU
	EndGlobalSection
	GlobalSection(ProjectConfigurationPlatforms) = postSolution
		{07CCF8CB-7513-4B76-889B-AB3374F6C7F0}.Debug|Any CPU.ActiveCfg = Debug|Any CPU
		{07CCF8CB-7513-4B76-889B-AB3374F6C7F0}.Debug|Any CPU.Build.0 = Debug|Any CPU
		{07CCF8CB-7513-4B76-889B-AB3374F6C7F0}.Debug|Any CPU.Deploy.0 = Debug|Any CPU
		{07CCF8CB-7513-4B76-889B-AB3374F6C7F0}.Release|Any CPU.ActiveCfg = Release|Any CPU
		{07CCF8CB-7513-4B76-889B-AB3374F6C7F0}.Release|Any CPU.Build.0 = Release|Any CPU
		{07CCF8CB-7513-4B76-889B-AB3374F6C7F0}.Release|Any CPU.Deploy.0 = Release|Any CPU
		{BCC19971-B04F-4C6A-807F-D058337982C1}.Debug|Any CPU.ActiveCfg = Debug|Any CPU
		{BCC19971-B04F-4C6A-807F-D058337982C1}.Debug|Any CPU.Build.0 = Debug|Any CPU
		{BCC19971-B04F-4C6A-807F-D058337982C1}.Release|Any CPU.ActiveCfg = Release|Any CPU
		{BCC19971-B04F-4C6A-807F-D058337982C1}.Release|Any CPU.Build.0 = Release|Any CPU
	EndGlobalSection
	GlobalSection(SolutionProperties) = preSolution
		HideSolutionNode = FALSE
	EndGlobalSection
	GlobalSection(ExtensibilityGlobals) = postSolution
		SolutionGuid = {4541A895-4275-4B11-9209-319B8DB35770}
	EndGlobalSection
EndGlobal
